
Microsoft Visual Studio Solution File, Format Version 12.00
# Visual Studio Version 17
VisualStudioVersion = 17.0.31919.166
MinimumVisualStudioVersion = 10.0.40219.1
Project("{FAE04EC0-301F-11D3-BF4B-00C04F79EFBC}") = "ontap_4", "ontap_4\ontap_4.csproj", "{0907EEB3-E2D1-4B93-B984-5D37B1429D1E}"
EndProject
Global
	GlobalSection(SolutionConfigurationPlatforms) = preSolution
		Debug|Any CPU = Debug|Any CPU
		Release|Any CPU = Release|Any CPU
	EndGlobalSection
	GlobalSection(ProjectConfigurationPlatforms) = postSolution
		{0907EEB3-E2D1-4B93-B984-5D37B1429D1E}.Debug|Any CPU.ActiveCfg = Debug|Any CPU
		{0907EEB3-E2D1-4B93-B984-5D37B1429D1E}.Debug|Any CPU.Build.0 = Debug|Any CPU
		{0907EEB3-E2D1-4B93-B984-5D37B1429D1E}.Release|Any CPU.ActiveCfg = Release|Any CPU
		{0907EEB3-E2D1-4B93-B984-5D37B1429D1E}.Release|Any CPU.Build.0 = Release|Any CPU
	EndGlobalSection
	GlobalSection(SolutionProperties) = preSolution
		HideSolutionNode = FALSE
	EndGlobalSection
	GlobalSection(ExtensibilityGlobals) = postSolution
		SolutionGuid = {966F00FF-157D-4A4C-9B1A-62DA5D0F623B}
	EndGlobalSection
EndGlobal
